
Microsoft Visual Studio Solution File, Format Version 12.00
Project("{FAE04EC0-301F-11D3-BF4B-00C04F79EFBC}") = "TCPTest", "TCPTest\TCPTest.csproj", "{DD5B557A-283E-49F7-AEEB-A8F817665D56}"
EndProject
Global
	GlobalSection(SolutionConfigurationPlatforms) = preSolution
		Debug|Any CPU = Debug|Any CPU
		Release|Any CPU = Release|Any CPU
	EndGlobalSection
	GlobalSection(ProjectConfigurationPlatforms) = postSolution
		{DD5B557A-283E-49F7-AEEB-A8F817665D56}.Debug|Any CPU.ActiveCfg = Debug|Any CPU
		{DD5B557A-283E-49F7-AEEB-A8F817665D56}.Debug|Any CPU.Build.0 = Debug|Any CPU
		{DD5B557A-283E-49F7-AEEB-A8F817665D56}.Release|Any CPU.ActiveCfg = Release|Any CPU
		{DD5B557A-283E-49F7-AEEB-A8F817665D56}.Release|Any CPU.Build.0 = Release|Any CPU
	EndGlobalSection
EndGlobal
